// !$*UTF8*$!
{
	archiveVersion = 1;
	classes = {
	};
	objectVersion = 46;
	objects = {

/* Begin PBXBuildFile section */
		7B8EE9111B5167060019C6D8 /* Flight.plist in Resources */ = {isa = PBXBuildFile; fileRef = 7B8EE9101B5167060019C6D8 /* Flight.plist */; };
		7BCDA4621B525C5500428E6C /* MainScreenViewController.swift in Sources */ = {isa = PBXBuildFile; fileRef = 7BCDA4611B525C5500428E6C /* MainScreenViewController.swift */; };
		7BEC64D31B50172F00265B17 /* AppDelegate.swift in Sources */ = {isa = PBXBuildFile; fileRef = 7BEC64D21B50172F00265B17 /* AppDelegate.swift */; };
		7BEC64D51B50172F00265B17 /* ViewController.swift in Sources */ = {isa = PBXBuildFile; fileRef = 7BEC64D41B50172F00265B17 /* ViewController.swift */; };
		7BEC64D81B50172F00265B17 /* Main.storyboard in Resources */ = {isa = PBXBuildFile; fileRef = 7BEC64D61B50172F00265B17 /* Main.storyboard */; };
		7BEC64DA1B50172F00265B17 /* Assets.xcassets in Resources */ = {isa = PBXBuildFile; fileRef = 7BEC64D91B50172F00265B17 /* Assets.xcassets */; };
		7BEC64DD1B50172F00265B17 /* LaunchScreen.storyboard in Resources */ = {isa = PBXBuildFile; fileRef = 7BEC64DB1B50172F00265B17 /* LaunchScreen.storyboard */; };
/* End PBXBuildFile section */

/* Begin PBXFileReference section */
		7B8EE9101B5167060019C6D8 /* Flight.plist */ = {isa = PBXFileReference; fileEncoding = 4; lastKnownFileType = text.plist.xml; path = Flight.plist; sourceTree = "<group>"; };
		7BCDA4611B525C5500428E6C /* MainScreenViewController.swift */ = {isa = PBXFileReference; fileEncoding = 4; lastKnownFileType = sourcecode.swift; path = MainScreenViewController.swift; sourceTree = "<group>"; };
		7BEC64CF1B50172F00265B17 /* View Animation - Practice.app */ = {isa = PBXFileReference; explicitFileType = wrapper.application; includeInIndex = 0; path = "View Animation - Practice.app"; sourceTree = BUILT_PRODUCTS_DIR; };
		7BEC64D21B50172F00265B17 /* AppDelegate.swift */ = {isa = PBXFileReference; lastKnownFileType = sourcecode.swift; path = AppDelegate.swift; sourceTree = "<group>"; };
		7BEC64D41B50172F00265B17 /* ViewController.swift */ = {isa = PBXFileReference; lastKnownFileType = sourcecode.swift; path = ViewController.swift; sourceTree = "<group>"; };
		7BEC64D71B50172F00265B17 /* Base */ = {isa = PBXFileReference; lastKnownFileType = file.storyboard; name = Base; path = Base.lproj/Main.storyboard; sourceTree = "<group>"; };
		7BEC64D91B50172F00265B17 /* Assets.xcassets */ = {isa = PBXFileReference; lastKnownFileType = folder.assetcatalog; path = Assets.xcassets; sourceTree = "<group>"; };
		7BEC64DC1B50172F00265B17 /* Base */ = {isa = PBXFileReference; lastKnownFileType = file.storyboard; name = Base; path = Base.lproj/LaunchScreen.storyboard; sourceTree = "<group>"; };
		7BEC64DE1B50172F00265B17 /* Info.plist */ = {isa = PBXFileReference; lastKnownFileType = text.plist.xml; path = Info.plist; sourceTree = "<group>"; };
/* End PBXFileReference section */

/* Begin PBXFrameworksBuildPhase section */
		7BEC64CC1B50172F00265B17 /* Frameworks */ = {
			isa = PBXFrameworksBuildPhase;
			buildActionMask = 2147483647;
			files = (
			);
			runOnlyForDeploymentPostprocessing = 0;
		};
/* End PBXFrameworksBuildPhase section */

/* Begin PBXGroup section */
		7BEC64C61B50172F00265B17 = {
			isa = PBXGroup;
			children = (
				7BEC64D11B50172F00265B17 /* View Animation - Practice */,
				7BEC64D01B50172F00265B17 /* Products */,
			);
			sourceTree = "<group>";
		};
		7BEC64D01B50172F00265B17 /* Products */ = {
			isa = PBXGroup;
			children = (
				7BEC64CF1B50172F00265B17 /* View Animation - Practice.app */,
			);
			name = Products;
			sourceTree = "<group>";
		};
		7BEC64D11B50172F00265B17 /* View Animation - Practice */ = {
			isa = PBXGroup;
			children = (
				7BEC64D21B50172F00265B17 /* AppDelegate.swift */,
				7BEC64D41B50172F00265B17 /* ViewController.swift */,
				7BCDA4611B525C5500428E6C /* MainScreenViewController.swift */,
				7BEC64D61B50172F00265B17 /* Main.storyboard */,
				7BEC64D91B50172F00265B17 /* Assets.xcassets */,
				7BEC64DB1B50172F00265B17 /* LaunchScreen.storyboard */,
				7BEC64DE1B50172F00265B17 /* Info.plist */,
				7B8EE9101B5167060019C6D8 /* Flight.plist */,
			);
			path = "View Animation - Practice";
			sourceTree = "<group>";
		};
/* End PBXGroup section */

/* Begin PBXNativeTarget section */
		7BEC64CE1B50172F00265B17 /* View Animation - Practice */ = {
			isa = PBXNativeTarget;
			buildConfigurationList = 7BEC64E11B50172F00265B17 /* Build configuration list for PBXNativeTarget "View Animation - Practice" */;
			buildPhases = (
				7BEC64CB1B50172F00265B17 /* Sources */,
				7BEC64CC1B50172F00265B17 /* Frameworks */,
				7BEC64CD1B50172F00265B17 /* Resources */,
			);
			buildRules = (
			);
			dependencies = (
			);
			name = "View Animation - Practice";
			productName = "View Animation - Practice";
			productReference = 7BEC64CF1B50172F00265B17 /* View Animation - Practice.app */;
			productType = "com.apple.product-type.application";
		};
/* End PBXNativeTarget section */

/* Begin PBXProject section */
		7BEC64C71B50172F00265B17 /* Project object */ = {
			isa = PBXProject;
			attributes = {
				LastUpgradeCheck = 0700;
				ORGANIZATIONNAME = DevTalking;
				TargetAttributes = {
					7BEC64CE1B50172F00265B17 = {
						CreatedOnToolsVersion = 7.0;
					};
				};
			};
			buildConfigurationList = 7BEC64CA1B50172F00265B17 /* Build configuration list for PBXProject "View Animation - Practice" */;
			compatibilityVersion = "Xcode 3.2";
			developmentRegion = English;
			hasScannedForEncodings = 0;
			knownRegions = (
				en,
				Base,
			);
			mainGroup = 7BEC64C61B50172F00265B17;
			productRefGroup = 7BEC64D01B50172F00265B17 /* Products */;
			projectDirPath = "";
			projectRoot = "";
			targets = (
				7BEC64CE1B50172F00265B17 /* View Animation - Practice */,
			);
		};
/* End PBXProject section */

/* Begin PBXResourcesBuildPhase section */
		7BEC64CD1B50172F00265B17 /* Resources */ = {
			isa = PBXResourcesBuildPhase;
			buildActionMask = 2147483647;
			files = (
				7B8EE9111B5167060019C6D8 /* Flight.plist in Resources */,
				7BEC64DD1B50172F00265B17 /* LaunchScreen.storyboard in Resources */,
				7BEC64DA1B50172F00265B17 /* Assets.xcassets in Resources */,
				7BEC64D81B50172F00265B17 /* Main.storyboard in Resources */,
			);
			runOnlyForDeploymentPostprocessing = 0;
		};
/* End PBXResourcesBuildPhase section */

/* Begin PBXSourcesBuildPhase section */
		7BEC64CB1B50172F00265B17 /* Sources */ = {
			isa = PBXSourcesBuildPhase;
			buildActionMask = 2147483647;
			files = (
				7BEC64D51B50172F00265B17 /* ViewController.swift in Sources */,
				7BCDA4621B525C5500428E6C /* MainScreenViewController.swift in Sources */,
				7BEC64D31B50172F00265B17 /* AppDelegate.swift in Sources */,
			);
			runOnlyForDeploymentPostprocessing = 0;
		};
/* End PBXSourcesBuildPhase section */

/* Begin PBXVariantGroup section */
		7BEC64D61B50172F00265B17 /* Main.storyboard */ = {
			isa = PBXVariantGroup;
			children = (
				7BEC64D71B50172F00265B17 /* Base */,
			);
			name = Main.storyboard;
			sourceTree = "<group>";
		};
		7BEC64DB1B50172F00265B17 /* LaunchScreen.storyboard */ = {
			isa = PBXVariantGroup;
			children = (
				7BEC64DC1B50172F00265B17 /* Base */,
			);
			name = LaunchScreen.storyboard;
			sourceTree = "<group>";
		};
/* End PBXVariantGroup section */

/* Begin XCBuildConfiguration section */
		7BEC64DF1B50172F00265B17 /* Debug */ = {
			isa = XCBuildConfiguration;
			buildSettings = {
				ALWAYS_SEARCH_USER_PATHS = NO;
				CLANG_CXX_LANGUAGE_STANDARD = "gnu++0x";
				CLANG_CXX_LIBRARY = "libc++";
				CLANG_ENABLE_MODULES = YES;
				CLANG_ENABLE_OBJC_ARC = YES;
				CLANG_WARN_BOOL_CONVERSION = YES;
				CLANG_WARN_CONSTANT_CONVERSION = YES;
				CLANG_WARN_DIRECT_OBJC_ISA_USAGE = YES_ERROR;
				CLANG_WARN_EMPTY_BODY = YES;
				CLANG_WARN_ENUM_CONVERSION = YES;
				CLANG_WARN_INT_CONVERSION = YES;
				CLANG_WARN_OBJC_ROOT_CLASS = YES_ERROR;
				CLANG_WARN_UNREACHABLE_CODE = YES;
				CLANG_WARN__DUPLICATE_METHOD_MATCH = YES;
				"CODE_SIGN_IDENTITY[sdk=iphoneos*]" = "iPhone Developer";
				COPY_PHASE_STRIP = NO;
				DEBUG_INFORMATION_FORMAT = dwarf;
				ENABLE_STRICT_OBJC_MSGSEND = YES;
				ENABLE_TESTABILITY = YES;
				GCC_C_LANGUAGE_STANDARD = gnu99;
				GCC_DYNAMIC_NO_PIC = NO;
				GCC_NO_COMMON_BLOCKS = YES;
				GCC_OPTIMIZATION_LEVEL = 0;
				GCC_PREPROCESSOR_DEFINITIONS = (
					"DEBUG=1",
					"$(inherited)",
				);
				GCC_WARN_64_TO_32_BIT_CONVERSION = YES;
				GCC_WARN_ABOUT_RETURN_TYPE = YES_ERROR;
				GCC_WARN_UNDECLARED_SELECTOR = YES;
				GCC_WARN_UNINITIALIZED_AUTOS = YES_AGGRESSIVE;
				GCC_WARN_UNUSED_FUNCTION = YES;
				GCC_WARN_UNUSED_VARIABLE = YES;
				IPHONEOS_DEPLOYMENT_TARGET = 9.0;
				MTL_ENABLE_DEBUG_INFO = YES;
				ONLY_ACTIVE_ARCH = YES;
				SDKROOT = iphoneos;
				SWIFT_OPTIMIZATION_LEVEL = "-Onone";
			};
			name = Debug;
		};
		7BEC64E01B50172F00265B17 /* Release */ = {
			isa = XCBuildConfiguration;
			buildSettings = {
				ALWAYS_SEARCH_USER_PATHS = NO;
				CLANG_CXX_LANGUAGE_STANDARD = "gnu++0x";
				CLANG_CXX_LIBRARY = "libc++";
				CLANG_ENABLE_MODULES = YES;
				CLANG_ENABLE_OBJC_ARC = YES;
				CLANG_WARN_BOOL_CONVERSION = YES;
				CLANG_WARN_CONSTANT_CONVERSION = YES;
				CLANG_WARN_DIRECT_OBJC_ISA_USAGE = YES_ERROR;
				CLANG_WARN_EMPTY_BODY = YES;
				CLANG_WARN_ENUM_CONVERSION = YES;
				CLANG_WARN_INT_CONVERSION = YES;
				CLANG_WARN_OBJC_ROOT_CLASS = YES_ERROR;
				CLANG_WARN_UNREACHABLE_CODE = YES;
				CLANG_WARN__DUPLICATE_METHOD_MATCH = YES;
				"CODE_SIGN_IDENTITY[sdk=iphoneos*]" = "iPhone Developer";
				COPY_PHASE_STRIP = NO;
				DEBUG_INFORMATION_FORMAT = "dwarf-with-dsym";
				ENABLE_NS_ASSERTIONS = NO;
				ENABLE_STRICT_OBJC_MSGSEND = YES;
				GCC_C_LANGUAGE_STANDARD = gnu99;
				GCC_NO_COMMON_BLOCKS = YES;
				GCC_WARN_64_TO_32_BIT_CONVERSION = YES;
				GCC_WARN_ABOUT_RETURN_TYPE = YES_ERROR;
				GCC_WARN_UNDECLARED_SELECTOR = YES;
				GCC_WARN_UNINITIALIZED_AUTOS = YES_AGGRESSIVE;
				GCC_WARN_UNUSED_FUNCTION = YES;
				GCC_WARN_UNUSED_VARIABLE = YES;
				IPHONEOS_DEPLOYMENT_TARGET = 9.0;
				MTL_ENABLE_DEBUG_INFO = NO;
				SDKROOT = iphoneos;
				VALIDATE_PRODUCT = YES;
			};
			name = Release;
		};
		7BEC64E21B50172F00265B17 /* Debug */ = {
			isa = XCBuildConfiguration;
			buildSettings = {
				ASSETCATALOG_COMPILER_APPICON_NAME = AppIcon;
				INFOPLIST_FILE = "View Animation - Practice/Info.plist";
				LD_RUNPATH_SEARCH_PATHS = "$(inherited) @executable_path/Frameworks";
				PRODUCT_BUNDLE_IDENTIFIER = "com.devtalking.View-Animation---Practice";
				PRODUCT_NAME = "$(TARGET_NAME)";
			};
			name = Debug;
		};
		7BEC64E31B50172F00265B17 /* Release */ = {
			isa = XCBuildConfiguration;
			buildSettings = {
				ASSETCATALOG_COMPILER_APPICON_NAME = AppIcon;
				INFOPLIST_FILE = "View Animation - Practice/Info.plist";
				LD_RUNPATH_SEARCH_PATHS = "$(inherited) @executable_path/Frameworks";
				PRODUCT_BUNDLE_IDENTIFIER = "com.devtalking.View-Animation---Practice";
				PRODUCT_NAME = "$(TARGET_NAME)";
			};
			name = Release;
		};
/* End XCBuildConfiguration section */

/* Begin XCConfigurationList section */
		7BEC64CA1B50172F00265B17 /* Build configuration list for PBXProject "View Animation - Practice" */ = {
			isa = XCConfigurationList;
			buildConfigurations = (
				7BEC64DF1B50172F00265B17 /* Debug */,
				7BEC64E01B50172F00265B17 /* Release */,
			);
			defaultConfigurationIsVisible = 0;
			defaultConfigurationName = Release;
		};
		7BEC64E11B50172F00265B17 /* Build configuration list for PBXNativeTarget "View Animation - Practice" */ = {
			isa = XCConfigurationList;
			buildConfigurations = (
				7BEC64E21B50172F00265B17 /* Debug */,
				7BEC64E31B50172F00265B17 /* Release */,
			);
			defaultConfigurationIsVisible = 0;
			defaultConfigurationName = Release;
		};
/* End XCConfigurationList section */
	};
	rootObject = 7BEC64C71B50172F00265B17 /* Project object */;
}
